// !$*UTF8*$!
{
	archiveVersion = 1;
	classes = {
	};
	objectVersion = 50;
	objects = {

/* Begin PBXBuildFile section */
		048CDC582701B840004349A8 /* AppDelegate.m in Sources */ = {isa = PBXBuildFile; fileRef = 048CDC572701B840004349A8 /* AppDelegate.m */; };
		048CDC5B2701B840004349A8 /* SceneDelegate.m in Sources */ = {isa = PBXBuildFile; fileRef = 048CDC5A2701B840004349A8 /* SceneDelegate.m */; };
		048CDC5E2701B840004349A8 /* ViewController.m in Sources */ = {isa = PBXBuildFile; fileRef = 048CDC5D2701B840004349A8 /* ViewController.m */; };
		048CDC612701B840004349A8 /* Main.storyboard in Resources */ = {isa = PBXBuildFile; fileRef = 048CDC5F2701B840004349A8 /* Main.storyboard */; };
		048CDC632701B843004349A8 /* Assets.xcassets in Resources */ = {isa = PBXBuildFile; fileRef = 048CDC622701B843004349A8 /* Assets.xcassets */; };
		048CDC662701B843004349A8 /* LaunchScreen.storyboard in Resources */ = {isa = PBXBuildFile; fileRef = 048CDC642701B843004349A8 /* LaunchScreen.storyboard */; };
		048CDC692701B843004349A8 /* main.m in Sources */ = {isa = PBXBuildFile; fileRef = 048CDC682701B843004349A8 /* main.m */; };
		048CDC732701B844004349A8 /* _____Tests.m in Sources */ = {isa = PBXBuildFile; fileRef = 048CDC722701B844004349A8 /* _____Tests.m */; };
		048CDC7E2701B844004349A8 /* _____UITests.m in Sources */ = {isa = PBXBuildFile; fileRef = 048CDC7D2701B844004349A8 /* _____UITests.m */; };
		048CDC912701BD28004349A8 /* Model.m in Sources */ = {isa = PBXBuildFile; fileRef = 048CDC902701BD28004349A8 /* Model.m */; };
		048CDC942701BD45004349A8 /* View.m in Sources */ = {isa = PBXBuildFile; fileRef = 048CDC932701BD45004349A8 /* View.m */; };
		048CDC972701BD6F004349A8 /* Controller.m in Sources */ = {isa = PBXBuildFile; fileRef = 048CDC962701BD6F004349A8 /* Controller.m */; };
		7E4E8495158BFEAC51241FC6 /* libPods-7.计算器.a in Frameworks */ = {isa = PBXBuildFile; fileRef = 5CED2C6D2CAD47DDE5DE1085 /* libPods-7.计算器.a */; };
/* End PBXBuildFile section */

/* Begin PBXContainerItemProxy section */
		048CDC6F2701B844004349A8 /* PBXContainerItemProxy */ = {
			isa = PBXContainerItemProxy;
			containerPortal = 048CDC4B2701B840004349A8 /* Project object */;
			proxyType = 1;
			remoteGlobalIDString = 048CDC522701B840004349A8;
			remoteInfo = "7.计算器";
		};
		048CDC7A2701B844004349A8 /* PBXContainerItemProxy */ = {
			isa = PBXContainerItemProxy;
			containerPortal = 048CDC4B2701B840004349A8 /* Project object */;
			proxyType = 1;
			remoteGlobalIDString = 048CDC522701B840004349A8;
			remoteInfo = "7.计算器";
		};
/* End PBXContainerItemProxy section */

/* Begin PBXFileReference section */
		048CDC532701B840004349A8 /* 7.计算器.app */ = {isa = PBXFileReference; explicitFileType = wrapper.application; includeInIndex = 0; path = "7.计算器.app"; sourceTree = BUILT_PRODUCTS_DIR; };
		048CDC562701B840004349A8 /* AppDelegate.h */ = {isa = PBXFileReference; lastKnownFileType = sourcecode.c.h; path = AppDelegate.h; sourceTree = "<group>"; };
		048CDC572701B840004349A8 /* AppDelegate.m */ = {isa = PBXFileReference; lastKnownFileType = sourcecode.c.objc; path = AppDelegate.m; sourceTree = "<group>"; };
		048CDC592701B840004349A8 /* SceneDelegate.h */ = {isa = PBXFileReference; lastKnownFileType = sourcecode.c.h; path = SceneDelegate.h; sourceTree = "<group>"; };
		048CDC5A2701B840004349A8 /* SceneDelegate.m */ = {isa = PBXFileReference; lastKnownFileType = sourcecode.c.objc; path = SceneDelegate.m; sourceTree = "<group>"; };
		048CDC5C2701B840004349A8 /* ViewController.h */ = {isa = PBXFileReference; lastKnownFileType = sourcecode.c.h; path = ViewController.h; sourceTree = "<group>"; };
		048CDC5D2701B840004349A8 /* ViewController.m */ = {isa = PBXFileReference; lastKnownFileType = sourcecode.c.objc; path = ViewController.m; sourceTree = "<group>"; };
		048CDC602701B840004349A8 /* Base */ = {isa = PBXFileReference; lastKnownFileType = file.storyboard; name = Base; path = Base.lproj/Main.storyboard; sourceTree = "<group>"; };
		048CDC622701B843004349A8 /* Assets.xcassets */ = {isa = PBXFileReference; lastKnownFileType = folder.assetcatalog; path = Assets.xcassets; sourceTree = "<group>"; };
		048CDC652701B843004349A8 /* Base */ = {isa = PBXFileReference; lastKnownFileType = file.storyboard; name = Base; path = Base.lproj/LaunchScreen.storyboard; sourceTree = "<group>"; };
		048CDC672701B843004349A8 /* Info.plist */ = {isa = PBXFileReference; lastKnownFileType = text.plist.xml; path = Info.plist; sourceTree = "<group>"; };
		048CDC682701B843004349A8 /* main.m */ = {isa = PBXFileReference; lastKnownFileType = sourcecode.c.objc; path = main.m; sourceTree = "<group>"; };
		048CDC6E2701B844004349A8 /* 7.计算器Tests.xctest */ = {isa = PBXFileReference; explicitFileType = wrapper.cfbundle; includeInIndex = 0; path = "7.计算器Tests.xctest"; sourceTree = BUILT_PRODUCTS_DIR; };
		048CDC722701B844004349A8 /* _____Tests.m */ = {isa = PBXFileReference; lastKnownFileType = sourcecode.c.objc; path = "_____Tests.m"; sourceTree = "<group>"; };
		048CDC742701B844004349A8 /* Info.plist */ = {isa = PBXFileReference; lastKnownFileType = text.plist.xml; path = Info.plist; sourceTree = "<group>"; };
		048CDC792701B844004349A8 /* 7.计算器UITests.xctest */ = {isa = PBXFileReference; explicitFileType = wrapper.cfbundle; includeInIndex = 0; path = "7.计算器UITests.xctest"; sourceTree = BUILT_PRODUCTS_DIR; };
		048CDC7D2701B844004349A8 /* _____UITests.m */ = {isa = PBXFileReference; lastKnownFileType = sourcecode.c.objc; path = "_____UITests.m"; sourceTree = "<group>"; };
		048CDC7F2701B844004349A8 /* Info.plist */ = {isa = PBXFileReference; lastKnownFileType = text.plist.xml; path = Info.plist; sourceTree = "<group>"; };
		048CDC8F2701BD28004349A8 /* Model.h */ = {isa = PBXFileReference; lastKnownFileType = sourcecode.c.h; path = Model.h; sourceTree = "<group>"; };
		048CDC902701BD28004349A8 /* Model.m */ = {isa = PBXFileReference; lastKnownFileType = sourcecode.c.objc; path = Model.m; sourceTree = "<group>"; };
		048CDC922701BD45004349A8 /* View.h */ = {isa = PBXFileReference; lastKnownFileType = sourcecode.c.h; path = View.h; sourceTree = "<group>"; };
		048CDC932701BD45004349A8 /* View.m */ = {isa = PBXFileReference; lastKnownFileType = sourcecode.c.objc; path = View.m; sourceTree = "<group>"; };
		048CDC952701BD6F004349A8 /* Controller.h */ = {isa = PBXFileReference; lastKnownFileType = sourcecode.c.h; path = Controller.h; sourceTree = "<group>"; };
		048CDC962701BD6F004349A8 /* Controller.m */ = {isa = PBXFileReference; lastKnownFileType = sourcecode.c.objc; path = Controller.m; sourceTree = "<group>"; };
		20B2D860FA326F5A0E324850 /* Pods-7.计算器.release.xcconfig */ = {isa = PBXFileReference; includeInIndex = 1; lastKnownFileType = text.xcconfig; name = "Pods-7.计算器.release.xcconfig"; path = "Target Support Files/Pods-7.计算器/Pods-7.计算器.release.xcconfig"; sourceTree = "<group>"; };
		36DF0774BAD201A80E3DE4DF /* Pods-7.计算器.debug.xcconfig */ = {isa = PBXFileReference; includeInIndex = 1; lastKnownFileType = text.xcconfig; name = "Pods-7.计算器.debug.xcconfig"; path = "Target Support Files/Pods-7.计算器/Pods-7.计算器.debug.xcconfig"; sourceTree = "<group>"; };
		5CED2C6D2CAD47DDE5DE1085 /* libPods-7.计算器.a */ = {isa = PBXFileReference; explicitFileType = archive.ar; includeInIndex = 0; path = "libPods-7.计算器.a"; sourceTree = BUILT_PRODUCTS_DIR; };
/* End PBXFileReference section */

/* Begin PBXFrameworksBuildPhase section */
		048CDC502701B840004349A8 /* Frameworks */ = {
			isa = PBXFrameworksBuildPhase;
			buildActionMask = 2147483647;
			files = (
				7E4E8495158BFEAC51241FC6 /* libPods-7.计算器.a in Frameworks */,
			);
			runOnlyForDeploymentPostprocessing = 0;
		};
		048CDC6B2701B844004349A8 /* Frameworks */ = {
			isa = PBXFrameworksBuildPhase;
			buildActionMask = 2147483647;
			files = (
			);
			runOnlyForDeploymentPostprocessing = 0;
		};
		048CDC762701B844004349A8 /* Frameworks */ = {
			isa = PBXFrameworksBuildPhase;
			buildActionMask = 2147483647;
			files = (
			);
			runOnlyForDeploymentPostprocessing = 0;
		};
/* End PBXFrameworksBuildPhase section */

/* Begin PBXGroup section */
		048CDC4A2701B840004349A8 = {
			isa = PBXGroup;
			children = (
				048CDC552701B840004349A8 /* 7.计算器 */,
				048CDC712701B844004349A8 /* 7.计算器Tests */,
				048CDC7C2701B844004349A8 /* 7.计算器UITests */,
				048CDC542701B840004349A8 /* Products */,
				C99CEDABF824947B54949A0E /* Pods */,
				54B430759D57470F3D2DE7DA /* Frameworks */,
			);
			sourceTree = "<group>";
		};
		048CDC542701B840004349A8 /* Products */ = {
			isa = PBXGroup;
			children = (
				048CDC532701B840004349A8 /* 7.计算器.app */,
				048CDC6E2701B844004349A8 /* 7.计算器Tests.xctest */,
				048CDC792701B844004349A8 /* 7.计算器UITests.xctest */,
			);
			name = Products;
			sourceTree = "<group>";
		};
		048CDC552701B840004349A8 /* 7.计算器 */ = {
			isa = PBXGroup;
			children = (
				048CDC562701B840004349A8 /* AppDelegate.h */,
				048CDC572701B840004349A8 /* AppDelegate.m */,
				048CDC592701B840004349A8 /* SceneDelegate.h */,
				048CDC5A2701B840004349A8 /* SceneDelegate.m */,
				048CDC5C2701B840004349A8 /* ViewController.h */,
				048CDC5D2701B840004349A8 /* ViewController.m */,
				048CDC8B2701BCC3004349A8 /* 计算器 */,
				048CDC5F2701B840004349A8 /* Main.storyboard */,
				048CDC622701B843004349A8 /* Assets.xcassets */,
				048CDC642701B843004349A8 /* LaunchScreen.storyboard */,
				048CDC672701B843004349A8 /* Info.plist */,
				048CDC682701B843004349A8 /* main.m */,
			);
			path = "7.计算器";
			sourceTree = "<group>";
		};
		048CDC712701B844004349A8 /* 7.计算器Tests */ = {
			isa = PBXGroup;
			children = (
				048CDC722701B844004349A8 /* _____Tests.m */,
				048CDC742701B844004349A8 /* Info.plist */,
			);
			path = "7.计算器Tests";
			sourceTree = "<group>";
		};
		048CDC7C2701B844004349A8 /* 7.计算器UITests */ = {
			isa = PBXGroup;
			children = (
				048CDC7D2701B844004349A8 /* _____UITests.m */,
				048CDC7F2701B844004349A8 /* Info.plist */,
			);
			path = "7.计算器UITests";
			sourceTree = "<group>";
		};
		048CDC8B2701BCC3004349A8 /* 计算器 */ = {
			isa = PBXGroup;
			children = (
				048CDC8E2701BCE4004349A8 /* Model */,
				048CDC8D2701BCE1004349A8 /* View */,
				048CDC8C2701BCDF004349A8 /* Controller */,
			);
			path = "计算器";
			sourceTree = "<group>";
		};
		048CDC8C2701BCDF004349A8 /* Controller */ = {
			isa = PBXGroup;
			children = (
				048CDC952701BD6F004349A8 /* Controller.h */,
				048CDC962701BD6F004349A8 /* Controller.m */,
			);
			path = Controller;
			sourceTree = "<group>";
		};
		048CDC8D2701BCE1004349A8 /* View */ = {
			isa = PBXGroup;
			children = (
				048CDC922701BD45004349A8 /* View.h */,
				048CDC932701BD45004349A8 /* View.m */,
			);
			path = View;
			sourceTree = "<group>";
		};
		048CDC8E2701BCE4004349A8 /* Model */ = {
			isa = PBXGroup;
			children = (
				048CDC8F2701BD28004349A8 /* Model.h */,
				048CDC902701BD28004349A8 /* Model.m */,
			);
			path = Model;
			sourceTree = "<group>";
		};
		54B430759D57470F3D2DE7DA /* Frameworks */ = {
			isa = PBXGroup;
			children = (
				5CED2C6D2CAD47DDE5DE1085 /* libPods-7.计算器.a */,
			);
			name = Frameworks;
			sourceTree = "<group>";
		};
		C99CEDABF824947B54949A0E /* Pods */ = {
			isa = PBXGroup;
			children = (
				36DF0774BAD201A80E3DE4DF /* Pods-7.计算器.debug.xcconfig */,
				20B2D860FA326F5A0E324850 /* Pods-7.计算器.release.xcconfig */,
			);
			path = Pods;
			sourceTree = "<group>";
		};
/* End PBXGroup section */

/* Begin PBXNativeTarget section */
		048CDC522701B840004349A8 /* 7.计算器 */ = {
			isa = PBXNativeTarget;
			buildConfigurationList = 048CDC822701B844004349A8 /* Build configuration list for PBXNativeTarget "7.计算器" */;
			buildPhases = (
				77EBD92409831EF642954522 /* [CP] Check Pods Manifest.lock */,
				048CDC4F2701B840004349A8 /* Sources */,
				048CDC502701B840004349A8 /* Frameworks */,
				048CDC512701B840004349A8 /* Resources */,
			);
			buildRules = (
			);
			dependencies = (
			);
			name = "7.计算器";
			productName = "7.计算器";
			productReference = 048CDC532701B840004349A8 /* 7.计算器.app */;
			productType = "com.apple.product-type.application";
		};
		048CDC6D2701B844004349A8 /* 7.计算器Tests */ = {
			isa = PBXNativeTarget;
			buildConfigurationList = 048CDC852701B844004349A8 /* Build configuration list for PBXNativeTarget "7.计算器Tests" */;
			buildPhases = (
				048CDC6A2701B844004349A8 /* Sources */,
				048CDC6B2701B844004349A8 /* Frameworks */,
				048CDC6C2701B844004349A8 /* Resources */,
			);
			buildRules = (
			);
			dependencies = (
				048CDC702701B844004349A8 /* PBXTargetDependency */,
			);
			name = "7.计算器Tests";
			productName = "7.计算器Tests";
			productReference = 048CDC6E2701B844004349A8 /* 7.计算器Tests.xctest */;
			productType = "com.apple.product-type.bundle.unit-test";
		};
		048CDC782701B844004349A8 /* 7.计算器UITests */ = {
			isa = PBXNativeTarget;
			buildConfigurationList = 048CDC882701B844004349A8 /* Build configuration list for PBXNativeTarget "7.计算器UITests" */;
			buildPhases = (
				048CDC752701B844004349A8 /* Sources */,
				048CDC762701B844004349A8 /* Frameworks */,
				048CDC772701B844004349A8 /* Resources */,
			);
			buildRules = (
			);
			dependencies = (
				048CDC7B2701B844004349A8 /* PBXTargetDependency */,
			);
			name = "7.计算器UITests";
			productName = "7.计算器UITests";
			productReference = 048CDC792701B844004349A8 /* 7.计算器UITests.xctest */;
			productType = "com.apple.product-type.bundle.ui-testing";
		};
/* End PBXNativeTarget section */

/* Begin PBXProject section */
		048CDC4B2701B840004349A8 /* Project object */ = {
			isa = PBXProject;
			attributes = {
				LastUpgradeCheck = 1130;
				ORGANIZATIONNAME = mac;
				TargetAttributes = {
					048CDC522701B840004349A8 = {
						CreatedOnToolsVersion = 11.3;
					};
					048CDC6D2701B844004349A8 = {
						CreatedOnToolsVersion = 11.3;
						TestTargetID = 048CDC522701B840004349A8;
					};
					048CDC782701B844004349A8 = {
						CreatedOnToolsVersion = 11.3;
						TestTargetID = 048CDC522701B840004349A8;
					};
				};
			};
			buildConfigurationList = 048CDC4E2701B840004349A8 /* Build configuration list for PBXProject "7.计算器" */;
			compatibilityVersion = "Xcode 9.3";
			developmentRegion = en;
			hasScannedForEncodings = 0;
			knownRegions = (
				en,
				Base,
			);
			mainGroup = 048CDC4A2701B840004349A8;
			productRefGroup = 048CDC542701B840004349A8 /* Products */;
			projectDirPath = "";
			projectRoot = "";
			targets = (
				048CDC522701B840004349A8 /* 7.计算器 */,
				048CDC6D2701B844004349A8 /* 7.计算器Tests */,
				048CDC782701B844004349A8 /* 7.计算器UITests */,
			);
		};
/* End PBXProject section */

/* Begin PBXResourcesBuildPhase section */
		048CDC512701B840004349A8 /* Resources */ = {
			isa = PBXResourcesBuildPhase;
			buildActionMask = 2147483647;
			files = (
				048CDC662701B843004349A8 /* LaunchScreen.storyboard in Resources */,
				048CDC632701B843004349A8 /* Assets.xcassets in Resources */,
				048CDC612701B840004349A8 /* Main.storyboard in Resources */,
			);
			runOnlyForDeploymentPostprocessing = 0;
		};
		048CDC6C2701B844004349A8 /* Resources */ = {
			isa = PBXResourcesBuildPhase;
			buildActionMask = 2147483647;
			files = (
			);
			runOnlyForDeploymentPostprocessing = 0;
		};
		048CDC772701B844004349A8 /* Resources */ = {
			isa = PBXResourcesBuildPhase;
			buildActionMask = 2147483647;
			files = (
			);
			runOnlyForDeploymentPostprocessing = 0;
		};
/* End PBXResourcesBuildPhase section */

/* Begin PBXShellScriptBuildPhase section */
		77EBD92409831EF642954522 /* [CP] Check Pods Manifest.lock */ = {
			isa = PBXShellScriptBuildPhase;
			buildActionMask = 2147483647;
			files = (
			);
			inputFileListPaths = (
			);
			inputPaths = (
				"${PODS_PODFILE_DIR_PATH}/Podfile.lock",
				"${PODS_ROOT}/Manifest.lock",
			);
			name = "[CP] Check Pods Manifest.lock";
			outputFileListPaths = (
			);
			outputPaths = (
				"$(DERIVED_FILE_DIR)/Pods-7.计算器-checkManifestLockResult.txt",
			);
			runOnlyForDeploymentPostprocessing = 0;
			shellPath = /bin/sh;
			shellScript = "diff \"${PODS_PODFILE_DIR_PATH}/Podfile.lock\" \"${PODS_ROOT}/Manifest.lock\" > /dev/null\nif [ $? != 0 ] ; then\n    # print error to STDERR\n    echo \"error: The sandbox is not in sync with the Podfile.lock. Run 'pod install' or update your CocoaPods installation.\" >&2\n    exit 1\nfi\n# This output is used by Xcode 'outputs' to avoid re-running this script phase.\necho \"SUCCESS\" > \"${SCRIPT_OUTPUT_FILE_0}\"\n";
			showEnvVarsInLog = 0;
		};
/* End PBXShellScriptBuildPhase section */

/* Begin PBXSourcesBuildPhase section */
		048CDC4F2701B840004349A8 /* Sources */ = {
			isa = PBXSourcesBuildPhase;
			buildActionMask = 2147483647;
			files = (
				048CDC5E2701B840004349A8 /* ViewController.m in Sources */,
				048CDC582701B840004349A8 /* AppDelegate.m in Sources */,
				048CDC942701BD45004349A8 /* View.m in Sources */,
				048CDC692701B843004349A8 /* main.m in Sources */,
				048CDC5B2701B840004349A8 /* SceneDelegate.m in Sources */,
				048CDC972701BD6F004349A8 /* Controller.m in Sources */,
				048CDC912701BD28004349A8 /* Model.m in Sources */,
			);
			runOnlyForDeploymentPostprocessing = 0;
		};
		048CDC6A2701B844004349A8 /* Sources */ = {
			isa = PBXSourcesBuildPhase;
			buildActionMask = 2147483647;
			files = (
				048CDC732701B844004349A8 /* _____Tests.m in Sources */,
			);
			runOnlyForDeploymentPostprocessing = 0;
		};
		048CDC752701B844004349A8 /* Sources */ = {
			isa = PBXSourcesBuildPhase;
			buildActionMask = 2147483647;
			files = (
				048CDC7E2701B844004349A8 /* _____UITests.m in Sources */,
			);
			runOnlyForDeploymentPostprocessing = 0;
		};
/* End PBXSourcesBuildPhase section */

/* Begin PBXTargetDependency section */
		048CDC702701B844004349A8 /* PBXTargetDependency */ = {
			isa = PBXTargetDependency;
			target = 048CDC522701B840004349A8 /* 7.计算器 */;
			targetProxy = 048CDC6F2701B844004349A8 /* PBXContainerItemProxy */;
		};
		048CDC7B2701B844004349A8 /* PBXTargetDependency */ = {
			isa = PBXTargetDependency;
			target = 048CDC522701B840004349A8 /* 7.计算器 */;
			targetProxy = 048CDC7A2701B844004349A8 /* PBXContainerItemProxy */;
		};
/* End PBXTargetDependency section */

/* Begin PBXVariantGroup section */
		048CDC5F2701B840004349A8 /* Main.storyboard */ = {
			isa = PBXVariantGroup;
			children = (
				048CDC602701B840004349A8 /* Base */,
			);
			name = Main.storyboard;
			sourceTree = "<group>";
		};
		048CDC642701B843004349A8 /* LaunchScreen.storyboard */ = {
			isa = PBXVariantGroup;
			children = (
				048CDC652701B843004349A8 /* Base */,
			);
			name = LaunchScreen.storyboard;
			sourceTree = "<group>";
		};
/* End PBXVariantGroup section */

/* Begin XCBuildConfiguration section */
		048CDC802701B844004349A8 /* Debug */ = {
			isa = XCBuildConfiguration;
			buildSettings = {
				ALWAYS_SEARCH_USER_PATHS = NO;
				CLANG_ANALYZER_NONNULL = YES;
				CLANG_ANALYZER_NUMBER_OBJECT_CONVERSION = YES_AGGRESSIVE;
				CLANG_CXX_LANGUAGE_STANDARD = "gnu++14";
				CLANG_CXX_LIBRARY = "libc++";
				CLANG_ENABLE_MODULES = YES;
				CLANG_ENABLE_OBJC_ARC = YES;
				CLANG_ENABLE_OBJC_WEAK = YES;
				CLANG_WARN_BLOCK_CAPTURE_AUTORELEASING = YES;
				CLANG_WARN_BOOL_CONVERSION = YES;
				CLANG_WARN_COMMA = YES;
				CLANG_WARN_CONSTANT_CONVERSION = YES;
				CLANG_WARN_DEPRECATED_OBJC_IMPLEMENTATIONS = YES;
				CLANG_WARN_DIRECT_OBJC_ISA_USAGE = YES_ERROR;
				CLANG_WARN_DOCUMENTATION_COMMENTS = YES;
				CLANG_WARN_EMPTY_BODY = YES;
				CLANG_WARN_ENUM_CONVERSION = YES;
				CLANG_WARN_INFINITE_RECURSION = YES;
				CLANG_WARN_INT_CONVERSION = YES;
				CLANG_WARN_NON_LITERAL_NULL_CONVERSION = YES;
				CLANG_WARN_OBJC_IMPLICIT_RETAIN_SELF = YES;
				CLANG_WARN_OBJC_LITERAL_CONVERSION = YES;
				CLANG_WARN_OBJC_ROOT_CLASS = YES_ERROR;
				CLANG_WARN_RANGE_LOOP_ANALYSIS = YES;
				CLANG_WARN_STRICT_PROTOTYPES = YES;
				CLANG_WARN_SUSPICIOUS_MOVE = YES;
				CLANG_WARN_UNGUARDED_AVAILABILITY = YES_AGGRESSIVE;
				CLANG_WARN_UNREACHABLE_CODE = YES;
				CLANG_WARN__DUPLICATE_METHOD_MATCH = YES;
				COPY_PHASE_STRIP = NO;
				DEBUG_INFORMATION_FORMAT = dwarf;
				ENABLE_STRICT_OBJC_MSGSEND = YES;
				ENABLE_TESTABILITY = YES;
				GCC_C_LANGUAGE_STANDARD = gnu11;
				GCC_DYNAMIC_NO_PIC = NO;
				GCC_NO_COMMON_BLOCKS = YES;
				GCC_OPTIMIZATION_LEVEL = 0;
				GCC_PREPROCESSOR_DEFINITIONS = (
					"DEBUG=1",
					"$(inherited)",
				);
				GCC_WARN_64_TO_32_BIT_CONVERSION = YES;
				GCC_WARN_ABOUT_RETURN_TYPE = YES_ERROR;
				GCC_WARN_UNDECLARED_SELECTOR = YES;
				GCC_WARN_UNINITIALIZED_AUTOS = YES_AGGRESSIVE;
				GCC_WARN_UNUSED_FUNCTION = YES;
				GCC_WARN_UNUSED_VARIABLE = YES;
				IPHONEOS_DEPLOYMENT_TARGET = 13.2;
				MTL_ENABLE_DEBUG_INFO = INCLUDE_SOURCE;
				MTL_FAST_MATH = YES;
				ONLY_ACTIVE_ARCH = YES;
				SDKROOT = iphoneos;
			};
			name = Debug;
		};
		048CDC812701B844004349A8 /* Release */ = {
			isa = XCBuildConfiguration;
			buildSettings = {
				ALWAYS_SEARCH_USER_PATHS = NO;
				CLANG_ANALYZER_NONNULL = YES;
				CLANG_ANALYZER_NUMBER_OBJECT_CONVERSION = YES_AGGRESSIVE;
				CLANG_CXX_LANGUAGE_STANDARD = "gnu++14";
				CLANG_CXX_LIBRARY = "libc++";
				CLANG_ENABLE_MODULES = YES;
				CLANG_ENABLE_OBJC_ARC = YES;
				CLANG_ENABLE_OBJC_WEAK = YES;
				CLANG_WARN_BLOCK_CAPTURE_AUTORELEASING = YES;
				CLANG_WARN_BOOL_CONVERSION = YES;
				CLANG_WARN_COMMA = YES;
				CLANG_WARN_CONSTANT_CONVERSION = YES;
				CLANG_WARN_DEPRECATED_OBJC_IMPLEMENTATIONS = YES;
				CLANG_WARN_DIRECT_OBJC_ISA_USAGE = YES_ERROR;
				CLANG_WARN_DOCUMENTATION_COMMENTS = YES;
				CLANG_WARN_EMPTY_BODY = YES;
				CLANG_WARN_ENUM_CONVERSION = YES;
				CLANG_WARN_INFINITE_RECURSION = YES;
				CLANG_WARN_INT_CONVERSION = YES;
				CLANG_WARN_NON_LITERAL_NULL_CONVERSION = YES;
				CLANG_WARN_OBJC_IMPLICIT_RETAIN_SELF = YES;
				CLANG_WARN_OBJC_LITERAL_CONVERSION = YES;
				CLANG_WARN_OBJC_ROOT_CLASS = YES_ERROR;
				CLANG_WARN_RANGE_LOOP_ANALYSIS = YES;
				CLANG_WARN_STRICT_PROTOTYPES = YES;
				CLANG_WARN_SUSPICIOUS_MOVE = YES;
				CLANG_WARN_UNGUARDED_AVAILABILITY = YES_AGGRESSIVE;
				CLANG_WARN_UNREACHABLE_CODE = YES;
				CLANG_WARN__DUPLICATE_METHOD_MATCH = YES;
				COPY_PHASE_STRIP = NO;
				DEBUG_INFORMATION_FORMAT = "dwarf-with-dsym";
				ENABLE_NS_ASSERTIONS = NO;
				ENABLE_STRICT_OBJC_MSGSEND = YES;
				GCC_C_LANGUAGE_STANDARD = gnu11;
				GCC_NO_COMMON_BLOCKS = YES;
				GCC_WARN_64_TO_32_BIT_CONVERSION = YES;
				GCC_WARN_ABOUT_RETURN_TYPE = YES_ERROR;
				GCC_WARN_UNDECLARED_SELECTOR = YES;
				GCC_WARN_UNINITIALIZED_AUTOS = YES_AGGRESSIVE;
				GCC_WARN_UNUSED_FUNCTION = YES;
				GCC_WARN_UNUSED_VARIABLE = YES;
				IPHONEOS_DEPLOYMENT_TARGET = 13.2;
				MTL_ENABLE_DEBUG_INFO = NO;
				MTL_FAST_MATH = YES;
				SDKROOT = iphoneos;
				VALIDATE_PRODUCT = YES;
			};
			name = Release;
		};
		048CDC832701B844004349A8 /* Debug */ = {
			isa = XCBuildConfiguration;
			baseConfigurationReference = 36DF0774BAD201A80E3DE4DF /* Pods-7.计算器.debug.xcconfig */;
			buildSettings = {
				ASSETCATALOG_COMPILER_APPICON_NAME = AppIcon;
				CODE_SIGN_STYLE = Automatic;
				INFOPLIST_FILE = "7.计算器/Info.plist";
				LD_RUNPATH_SEARCH_PATHS = (
					"$(inherited)",
					"@executable_path/Frameworks",
				);
				PRODUCT_BUNDLE_IDENTIFIER = "GGGGGG.-----";
				PRODUCT_NAME = "$(TARGET_NAME)";
				TARGETED_DEVICE_FAMILY = "1,2";
			};
			name = Debug;
		};
		048CDC842701B844004349A8 /* Release */ = {
			isa = XCBuildConfiguration;
			baseConfigurationReference = 20B2D860FA326F5A0E324850 /* Pods-7.计算器.release.xcconfig */;
			buildSettings = {
				ASSETCATALOG_COMPILER_APPICON_NAME = AppIcon;
				CODE_SIGN_STYLE = Automatic;
				INFOPLIST_FILE = "7.计算器/Info.plist";
				LD_RUNPATH_SEARCH_PATHS = (
					"$(inherited)",
					"@executable_path/Frameworks",
				);
				PRODUCT_BUNDLE_IDENTIFIER = "GGGGGG.-----";
				PRODUCT_NAME = "$(TARGET_NAME)";
				TARGETED_DEVICE_FAMILY = "1,2";
			};
			name = Release;
		};
		048CDC862701B844004349A8 /* Debug */ = {
			isa = XCBuildConfiguration;
			buildSettings = {
				BUNDLE_LOADER = "$(TEST_HOST)";
				CODE_SIGN_STYLE = Automatic;
				INFOPLIST_FILE = "7.计算器Tests/Info.plist";
				IPHONEOS_DEPLOYMENT_TARGET = 13.2;
				LD_RUNPATH_SEARCH_PATHS = (
					"$(inherited)",
					"@executable_path/Frameworks",
					"@loader_path/Frameworks",
				);
				PRODUCT_BUNDLE_IDENTIFIER = "GGGGGG.-----Tests";
				PRODUCT_NAME = "$(TARGET_NAME)";
				TARGETED_DEVICE_FAMILY = "1,2";
				TEST_HOST = "$(BUILT_PRODUCTS_DIR)/7.计算器.app/7.计算器";
			};
			name = Debug;
		};
		048CDC872701B844004349A8 /* Release */ = {
			isa = XCBuildConfiguration;
			buildSettings = {
				BUNDLE_LOADER = "$(TEST_HOST)";
				CODE_SIGN_STYLE = Automatic;
				INFOPLIST_FILE = "7.计算器Tests/Info.plist";
				IPHONEOS_DEPLOYMENT_TARGET = 13.2;
				LD_RUNPATH_SEARCH_PATHS = (
					"$(inherited)",
					"@executable_path/Frameworks",
					"@loader_path/Frameworks",
				);
				PRODUCT_BUNDLE_IDENTIFIER = "GGGGGG.-----Tests";
				PRODUCT_NAME = "$(TARGET_NAME)";
				TARGETED_DEVICE_FAMILY = "1,2";
				TEST_HOST = "$(BUILT_PRODUCTS_DIR)/7.计算器.app/7.计算器";
			};
			name = Release;
		};
		048CDC892701B844004349A8 /* Debug */ = {
			isa = XCBuildConfiguration;
			buildSettings = {
				CODE_SIGN_STYLE = Automatic;
				INFOPLIST_FILE = "7.计算器UITests/Info.plist";
				LD_RUNPATH_SEARCH_PATHS = (
					"$(inherited)",
					"@executable_path/Frameworks",
					"@loader_path/Frameworks",
				);
				PRODUCT_BUNDLE_IDENTIFIER = "GGGGGG.-----UITests";
				PRODUCT_NAME = "$(TARGET_NAME)";
				TARGETED_DEVICE_FAMILY = "1,2";
				TEST_TARGET_NAME = "7.计算器";
			};
			name = Debug;
		};
		048CDC8A2701B844004349A8 /* Release */ = {
			isa = XCBuildConfiguration;
			buildSettings = {
				CODE_SIGN_STYLE = Automatic;
				INFOPLIST_FILE = "7.计算器UITests/Info.plist";
				LD_RUNPATH_SEARCH_PATHS = (
					"$(inherited)",
					"@executable_path/Frameworks",
					"@loader_path/Frameworks",
				);
				PRODUCT_BUNDLE_IDENTIFIER = "GGGGGG.-----UITests";
				PRODUCT_NAME = "$(TARGET_NAME)";
				TARGETED_DEVICE_FAMILY = "1,2";
				TEST_TARGET_NAME = "7.计算器";
			};
			name = Release;
		};
/* End XCBuildConfiguration section */

/* Begin XCConfigurationList section */
		048CDC4E2701B840004349A8 /* Build configuration list for PBXProject "7.计算器" */ = {
			isa = XCConfigurationList;
			buildConfigurations = (
				048CDC802701B844004349A8 /* Debug */,
				048CDC812701B844004349A8 /* Release */,
			);
			defaultConfigurationIsVisible = 0;
			defaultConfigurationName = Release;
		};
		048CDC822701B844004349A8 /* Build configuration list for PBXNativeTarget "7.计算器" */ = {
			isa = XCConfigurationList;
			buildConfigurations = (
				048CDC832701B844004349A8 /* Debug */,
				048CDC842701B844004349A8 /* Release */,
			);
			defaultConfigurationIsVisible = 0;
			defaultConfigurationName = Release;
		};
		048CDC852701B844004349A8 /* Build configuration list for PBXNativeTarget "7.计算器Tests" */ = {
			isa = XCConfigurationList;
			buildConfigurations = (
				048CDC862701B844004349A8 /* Debug */,
				048CDC872701B844004349A8 /* Release */,
			);
			defaultConfigurationIsVisible = 0;
			defaultConfigurationName = Release;
		};
		048CDC882701B844004349A8 /* Build configuration list for PBXNativeTarget "7.计算器UITests" */ = {
			isa = XCConfigurationList;
			buildConfigurations = (
				048CDC892701B844004349A8 /* Debug */,
				048CDC8A2701B844004349A8 /* Release */,
			);
			defaultConfigurationIsVisible = 0;
			defaultConfigurationName = Release;
		};
/* End XCConfigurationList section */
	};
	rootObject = 048CDC4B2701B840004349A8 /* Project object */;
}
